
Microsoft Visual Studio Solution File, Format Version 12.00
# Visual Studio 15
VisualStudioVersion = 15.0.27428.2002
MinimumVisualStudioVersion = 10.0.40219.1
Project("{E53339B2-1760-4266-BCC7-CA923CBCF16C}") = "docker-compose", "docker-compose.dcproj", "{FE4F0531-F7BA-4C6D-9F17-4AA8B260AA45}"
EndProject
Project("{2150E333-8FDC-42A3-9474-1A3956D46DE8}") = "src", "src", "{CF1D4580-9621-4483-8842-4F472F641356}"
EndProject
Project("{2150E333-8FDC-42A3-9474-1A3956D46DE8}") = "Tests", "Tests", "{9E556E41-4197-416B-A95E-1271148382EE}"
EndProject
Project("{9A19103F-16F7-4668-BE54-9A1E7A4F7556}") = "CurrencyExchange.WebApi", "src\CurrencyExchange.WebApi\CurrencyExchange.WebApi.csproj", "{C748C373-1D59-423F-B560-15DCCA5A889C}"
EndProject
Project("{9A19103F-16F7-4668-BE54-9A1E7A4F7556}") = "CurrencyExchange.Fixer", "src\CurrencyExchange.Fixer\CurrencyExchange.Fixer.csproj", "{585F25D1-6111-4B31-AAA9-CC8C875AE449}"
EndProject
Project("{9A19103F-16F7-4668-BE54-9A1E7A4F7556}") = "CurrencyExchange.Data", "src\CurrencyExchange.Data\CurrencyExchange.Data.csproj", "{FB3FE6B2-3D3C-4259-9A92-6C5036EA3E31}"
EndProject
Project("{9A19103F-16F7-4668-BE54-9A1E7A4F7556}") = "CurrencyExchange.Contracts", "src\CurrencyExchange.Contracts\CurrencyExchange.Contracts.csproj", "{4C588016-C2F6-447A-8BF1-5C3AE9E2ABBE}"
EndProject
Project("{9A19103F-16F7-4668-BE54-9A1E7A4F7556}") = "CurrencyExchange", "src\CurrencyExchange\CurrencyExchange.csproj", "{93737C16-B334-40A7-ADE1-DD55501CE3AD}"
EndProject
Project("{9A19103F-16F7-4668-BE54-9A1E7A4F7556}") = "CurrencyExchange.IntegrationTests", "src\CurrencyExchange.IntegrationTests\CurrencyExchange.IntegrationTests.csproj", "{73137BE6-0BDB-46CD-BA25-8D817A313676}"
EndProject
Project("{9A19103F-16F7-4668-BE54-9A1E7A4F7556}") = "CurrencyExchange.UnitTests", "src\CurrencyExchange.UnitTests\CurrencyExchange.UnitTests.csproj", "{D5405CE9-0DA0-4D95-B167-1FDE79D85EDC}"
EndProject
Global
	GlobalSection(SolutionConfigurationPlatforms) = preSolution
		Debug|Any CPU = Debug|Any CPU
		Release|Any CPU = Release|Any CPU
	EndGlobalSection
	GlobalSection(ProjectConfigurationPlatforms) = postSolution
		{FE4F0531-F7BA-4C6D-9F17-4AA8B260AA45}.Debug|Any CPU.ActiveCfg = Debug|Any CPU
		{FE4F0531-F7BA-4C6D-9F17-4AA8B260AA45}.Debug|Any CPU.Build.0 = Debug|Any CPU
		{FE4F0531-F7BA-4C6D-9F17-4AA8B260AA45}.Release|Any CPU.ActiveCfg = Release|Any CPU
		{FE4F0531-F7BA-4C6D-9F17-4AA8B260AA45}.Release|Any CPU.Build.0 = Release|Any CPU
		{C748C373-1D59-423F-B560-15DCCA5A889C}.Debug|Any CPU.ActiveCfg = Debug|Any CPU
		{C748C373-1D59-423F-B560-15DCCA5A889C}.Debug|Any CPU.Build.0 = Debug|Any CPU
		{C748C373-1D59-423F-B560-15DCCA5A889C}.Release|Any CPU.ActiveCfg = Release|Any CPU
		{C748C373-1D59-423F-B560-15DCCA5A889C}.Release|Any CPU.Build.0 = Release|Any CPU
		{585F25D1-6111-4B31-AAA9-CC8C875AE449}.Debug|Any CPU.ActiveCfg = Debug|Any CPU
		{585F25D1-6111-4B31-AAA9-CC8C875AE449}.Debug|Any CPU.Build.0 = Debug|Any CPU
		{585F25D1-6111-4B31-AAA9-CC8C875AE449}.Release|Any CPU.ActiveCfg = Release|Any CPU
		{585F25D1-6111-4B31-AAA9-CC8C875AE449}.Release|Any CPU.Build.0 = Release|Any CPU
		{FB3FE6B2-3D3C-4259-9A92-6C5036EA3E31}.Debug|Any CPU.ActiveCfg = Debug|Any CPU
		{FB3FE6B2-3D3C-4259-9A92-6C5036EA3E31}.Debug|Any CPU.Build.0 = Debug|Any CPU
		{FB3FE6B2-3D3C-4259-9A92-6C5036EA3E31}.Release|Any CPU.ActiveCfg = Release|Any CPU
		{FB3FE6B2-3D3C-4259-9A92-6C5036EA3E31}.Release|Any CPU.Build.0 = Release|Any CPU
		{4C588016-C2F6-447A-8BF1-5C3AE9E2ABBE}.Debug|Any CPU.ActiveCfg = Debug|Any CPU
		{4C588016-C2F6-447A-8BF1-5C3AE9E2ABBE}.Debug|Any CPU.Build.0 = Debug|Any CPU
		{4C588016-C2F6-447A-8BF1-5C3AE9E2ABBE}.Release|Any CPU.ActiveCfg = Release|Any CPU
		{4C588016-C2F6-447A-8BF1-5C3AE9E2ABBE}.Release|Any CPU.Build.0 = Release|Any CPU
		{93737C16-B334-40A7-ADE1-DD55501CE3AD}.Debug|Any CPU.ActiveCfg = Debug|Any CPU
		{93737C16-B334-40A7-ADE1-DD55501CE3AD}.Debug|Any CPU.Build.0 = Debug|Any CPU
		{93737C16-B334-40A7-ADE1-DD55501CE3AD}.Release|Any CPU.ActiveCfg = Release|Any CPU
		{93737C16-B334-40A7-ADE1-DD55501CE3AD}.Release|Any CPU.Build.0 = Release|Any CPU
		{73137BE6-0BDB-46CD-BA25-8D817A313676}.Debug|Any CPU.ActiveCfg = Debug|Any CPU
		{73137BE6-0BDB-46CD-BA25-8D817A313676}.Debug|Any CPU.Build.0 = Debug|Any CPU
		{73137BE6-0BDB-46CD-BA25-8D817A313676}.Release|Any CPU.ActiveCfg = Release|Any CPU
		{73137BE6-0BDB-46CD-BA25-8D817A313676}.Release|Any CPU.Build.0 = Release|Any CPU
		{D5405CE9-0DA0-4D95-B167-1FDE79D85EDC}.Debug|Any CPU.ActiveCfg = Debug|Any CPU
		{D5405CE9-0DA0-4D95-B167-1FDE79D85EDC}.Debug|Any CPU.Build.0 = Debug|Any CPU
		{D5405CE9-0DA0-4D95-B167-1FDE79D85EDC}.Release|Any CPU.ActiveCfg = Release|Any CPU
		{D5405CE9-0DA0-4D95-B167-1FDE79D85EDC}.Release|Any CPU.Build.0 = Release|Any CPU
	EndGlobalSection
	GlobalSection(SolutionProperties) = preSolution
		HideSolutionNode = FALSE
	EndGlobalSection
	GlobalSection(NestedProjects) = preSolution
		{9E556E41-4197-416B-A95E-1271148382EE} = {CF1D4580-9621-4483-8842-4F472F641356}
		{C748C373-1D59-423F-B560-15DCCA5A889C} = {CF1D4580-9621-4483-8842-4F472F641356}
		{585F25D1-6111-4B31-AAA9-CC8C875AE449} = {CF1D4580-9621-4483-8842-4F472F641356}
		{FB3FE6B2-3D3C-4259-9A92-6C5036EA3E31} = {CF1D4580-9621-4483-8842-4F472F641356}
		{4C588016-C2F6-447A-8BF1-5C3AE9E2ABBE} = {CF1D4580-9621-4483-8842-4F472F641356}
		{93737C16-B334-40A7-ADE1-DD55501CE3AD} = {CF1D4580-9621-4483-8842-4F472F641356}
		{73137BE6-0BDB-46CD-BA25-8D817A313676} = {9E556E41-4197-416B-A95E-1271148382EE}
		{D5405CE9-0DA0-4D95-B167-1FDE79D85EDC} = {9E556E41-4197-416B-A95E-1271148382EE}
	EndGlobalSection
	GlobalSection(ExtensibilityGlobals) = postSolution
		SolutionGuid = {004AFDE8-DED2-4149-B42D-86BC8EB5FEB6}
	EndGlobalSection
EndGlobal
